
Microsoft Visual Studio Solution File, Format Version 12.00
# Visual Studio Version 16
VisualStudioVersion = 16.0.32106.194
MinimumVisualStudioVersion = 10.0.40219.1
Project("{FAE04EC0-301F-11D3-BF4B-00C04F79EFBC}") = "MvcApplication2", "MvcApplication2\MvcApplication2.csproj", "{1ABCDD76-696C-49F4-91E7-DD1496566108}"
EndProject
Global
	GlobalSection(SolutionConfigurationPlatforms) = preSolution
		Debug|Any CPU = Debug|Any CPU
		Release|Any CPU = Release|Any CPU
	EndGlobalSection
	GlobalSection(ProjectConfigurationPlatforms) = postSolution
		{1ABCDD76-696C-49F4-91E7-DD1496566108}.Debug|Any CPU.ActiveCfg = Debug|Any CPU
		{1ABCDD76-696C-49F4-91E7-DD1496566108}.Debug|Any CPU.Build.0 = Debug|Any CPU
		{1ABCDD76-696C-49F4-91E7-DD1496566108}.Release|Any CPU.ActiveCfg = Release|Any CPU
		{1ABCDD76-696C-49F4-91E7-DD1496566108}.Release|Any CPU.Build.0 = Release|Any CPU
	EndGlobalSection
	GlobalSection(SolutionProperties) = preSolution
		HideSolutionNode = FALSE
	EndGlobalSection
	GlobalSection(ExtensibilityGlobals) = postSolution
		SolutionGuid = {93C80797-DAD8-464E-A41E-62F7BC142461}
	EndGlobalSection
EndGlobal
